// !$*UTF8*$!
{
	archiveVersion = 1;
	classes = {
	};
	objectVersion = 51;
	objects = {

/* Begin PBXBuildFile section */
		2EBE5976ACC60E6F2D713CF4 /* Pods_QrRestaurantMenuAppTests.framework in Frameworks */ = {isa = PBXBuildFile; fileRef = 09ADAA72769BC07C1999A269 /* Pods_QrRestaurantMenuAppTests.framework */; };
		471317112684CE6D00570D74 /* OrderTableViewCell.swift in Sources */ = {isa = PBXBuildFile; fileRef = 471317102684CE6D00570D74 /* OrderTableViewCell.swift */; };
		471317152684CE8100570D74 /* OrderListViewController.swift in Sources */ = {isa = PBXBuildFile; fileRef = 471317142684CE8100570D74 /* OrderListViewController.swift */; };
		47324CAE2696E2B0003F4075 /* TestViewController.swift in Sources */ = {isa = PBXBuildFile; fileRef = 47324CAD2696E2B0003F4075 /* TestViewController.swift */; };
		47324CB22696FAE5003F4075 /* TabBar.swift in Sources */ = {isa = PBXBuildFile; fileRef = 47324CB12696FAE5003F4075 /* TabBar.swift */; };
		47324CB42696FB48003F4075 /* EmptyViewController.swift in Sources */ = {isa = PBXBuildFile; fileRef = 47324CB32696FB48003F4075 /* EmptyViewController.swift */; };
		47324CBC269782B7003F4075 /* OrderFailedViewController.swift in Sources */ = {isa = PBXBuildFile; fileRef = 47324CBB269782B7003F4075 /* OrderFailedViewController.swift */; };
		47336E0626866FAE00445880 /* TabBarTitleView.swift in Sources */ = {isa = PBXBuildFile; fileRef = 47336E0526866FAE00445880 /* TabBarTitleView.swift */; };
		47336E162687259E00445880 /* Inter-VariableFont_slnt,wght.ttf in Resources */ = {isa = PBXBuildFile; fileRef = 47336E092687259E00445880 /* Inter-VariableFont_slnt,wght.ttf */; };
		47336E172687259E00445880 /* Inter-Medium.ttf in Resources */ = {isa = PBXBuildFile; fileRef = 47336E0B2687259E00445880 /* Inter-Medium.ttf */; };
		47336E182687259E00445880 /* Inter-Light.ttf in Resources */ = {isa = PBXBuildFile; fileRef = 47336E0C2687259E00445880 /* Inter-Light.ttf */; };
		47336E192687259E00445880 /* Inter-Thin.ttf in Resources */ = {isa = PBXBuildFile; fileRef = 47336E0D2687259E00445880 /* Inter-Thin.ttf */; };
		47336E1A2687259E00445880 /* Inter-Bold.ttf in Resources */ = {isa = PBXBuildFile; fileRef = 47336E0E2687259E00445880 /* Inter-Bold.ttf */; };
		47336E1B2687259E00445880 /* Inter-Regular.ttf in Resources */ = {isa = PBXBuildFile; fileRef = 47336E0F2687259E00445880 /* Inter-Regular.ttf */; };
		47336E1C2687259E00445880 /* Inter-ExtraBold.ttf in Resources */ = {isa = PBXBuildFile; fileRef = 47336E102687259E00445880 /* Inter-ExtraBold.ttf */; };
		47336E1D2687259E00445880 /* Inter-ExtraLight.ttf in Resources */ = {isa = PBXBuildFile; fileRef = 47336E112687259E00445880 /* Inter-ExtraLight.ttf */; };
		47336E1E2687259E00445880 /* Inter-Black.ttf in Resources */ = {isa = PBXBuildFile; fileRef = 47336E122687259E00445880 /* Inter-Black.ttf */; };
		47336E1F2687259E00445880 /* Inter-SemiBold.ttf in Resources */ = {isa = PBXBuildFile; fileRef = 47336E132687259E00445880 /* Inter-SemiBold.ttf */; };
		47336E202687259E00445880 /* OFL.txt in Resources */ = {isa = PBXBuildFile; fileRef = 47336E142687259E00445880 /* OFL.txt */; };
		47336E212687259E00445880 /* README.txt in Resources */ = {isa = PBXBuildFile; fileRef = 47336E152687259E00445880 /* README.txt */; };
		47336E272687BF3F00445880 /* CommentViewController.swift in Sources */ = {isa = PBXBuildFile; fileRef = 47336E262687BF3F00445880 /* CommentViewController.swift */; };
		473BE6ED268B8DB300363B29 /* UserProfileViewController.swift in Sources */ = {isa = PBXBuildFile; fileRef = 473BE6EC268B8DB300363B29 /* UserProfileViewController.swift */; };
		473BE6EF268BABCE00363B29 /* EditProfileViewController.swift in Sources */ = {isa = PBXBuildFile; fileRef = 473BE6EE268BABCE00363B29 /* EditProfileViewController.swift */; };
		473EB47626733FAD0083068F /* CardCellTableViewCell.swift in Sources */ = {isa = PBXBuildFile; fileRef = 473EB47526733FAD0083068F /* CardCellTableViewCell.swift */; };
		477377C426710F6200C9F2B2 /* BasketTableViewCell.swift in Sources */ = {isa = PBXBuildFile; fileRef = 477377C326710F6200C9F2B2 /* BasketTableViewCell.swift */; };
		477377C6267214E300C9F2B2 /* User.swift in Sources */ = {isa = PBXBuildFile; fileRef = 477377C5267214E300C9F2B2 /* User.swift */; };
		477377CC2672507300C9F2B2 /* QRFirebaseDatabase.swift in Sources */ = {isa = PBXBuildFile; fileRef = 477377CB2672507300C9F2B2 /* QRFirebaseDatabase.swift */; };
		477377CE26725A2400C9F2B2 /* CardViewController.swift in Sources */ = {isa = PBXBuildFile; fileRef = 477377CD26725A2400C9F2B2 /* CardViewController.swift */; };
		477377D026725B3100C9F2B2 /* FooterView.swift in Sources */ = {isa = PBXBuildFile; fileRef = 477377CF26725B3100C9F2B2 /* FooterView.swift */; };
		477377D22672992000C9F2B2 /* RestaurantsTableViewCell.swift in Sources */ = {isa = PBXBuildFile; fileRef = 477377D12672992000C9F2B2 /* RestaurantsTableViewCell.swift */; };
		4776E6BC26773C9900688792 /* RestaurantsViewController.swift in Sources */ = {isa = PBXBuildFile; fileRef = 4776E6BB26773C9900688792 /* RestaurantsViewController.swift */; };
		4776E6C0267753AB00688792 /* RestoranInfoViewController.swift in Sources */ = {isa = PBXBuildFile; fileRef = 4776E6BF267753AB00688792 /* RestoranInfoViewController.swift */; };
		4776E6C22677562F00688792 /* RestScrollViewController.swift in Sources */ = {isa = PBXBuildFile; fileRef = 4776E6C12677562F00688792 /* RestScrollViewController.swift */; };
		4776E6C426776FB900688792 /* AddCardViewController.swift in Sources */ = {isa = PBXBuildFile; fileRef = 4776E6C326776FB900688792 /* AddCardViewController.swift */; };
		4776E6C62677731600688792 /* ExtensionForCard.swift in Sources */ = {isa = PBXBuildFile; fileRef = 4776E6C52677731600688792 /* ExtensionForCard.swift */; };
		4776E6C82677733800688792 /* ExtensionUI.swift in Sources */ = {isa = PBXBuildFile; fileRef = 4776E6C72677733800688792 /* ExtensionUI.swift */; };
		47A02DFF2670A3D100DFA715 /* AppDelegate.swift in Sources */ = {isa = PBXBuildFile; fileRef = 47A02DFE2670A3D100DFA715 /* AppDelegate.swift */; };
		47A02E012670A3D100DFA715 /* SceneDelegate.swift in Sources */ = {isa = PBXBuildFile; fileRef = 47A02E002670A3D100DFA715 /* SceneDelegate.swift */; };
		47A02E062670A3D100DFA715 /* Main.storyboard in Resources */ = {isa = PBXBuildFile; fileRef = 47A02E042670A3D100DFA715 /* Main.storyboard */; };
		47A02E082670A3D200DFA715 /* Assets.xcassets in Resources */ = {isa = PBXBuildFile; fileRef = 47A02E072670A3D200DFA715 /* Assets.xcassets */; };
		47A02E0B2670A3D200DFA715 /* LaunchScreen.storyboard in Resources */ = {isa = PBXBuildFile; fileRef = 47A02E092670A3D200DFA715 /* LaunchScreen.storyboard */; };
		47A02E162670A3D200DFA715 /* QrRestaurantMenuAppTests.swift in Sources */ = {isa = PBXBuildFile; fileRef = 47A02E152670A3D200DFA715 /* QrRestaurantMenuAppTests.swift */; };
		47A02E212670A3D200DFA715 /* QrRestaurantMenuAppUITests.swift in Sources */ = {isa = PBXBuildFile; fileRef = 47A02E202670A3D200DFA715 /* QrRestaurantMenuAppUITests.swift */; };
		47A02E372670A86800DFA715 /* MenuItem.swift in Sources */ = {isa = PBXBuildFile; fileRef = 47A02E342670A86800DFA715 /* MenuItem.swift */; };
		47A02E382670A86800DFA715 /* Restaurant.swift in Sources */ = {isa = PBXBuildFile; fileRef = 47A02E352670A86800DFA715 /* Restaurant.swift */; };
		47A02E392670A86800DFA715 /* Category.swift in Sources */ = {isa = PBXBuildFile; fileRef = 47A02E362670A86800DFA715 /* Category.swift */; };
		47A02E462670A87C00DFA715 /* MenuViewController.swift in Sources */ = {isa = PBXBuildFile; fileRef = 47A02E3A2670A87900DFA715 /* MenuViewController.swift */; };
		47A02E482670A87C00DFA715 /* CategoryCollectionViewCell.swift in Sources */ = {isa = PBXBuildFile; fileRef = 47A02E3C2670A87900DFA715 /* CategoryCollectionViewCell.swift */; };
		47A02E492670A87C00DFA715 /* MenuTableViewCell.swift in Sources */ = {isa = PBXBuildFile; fileRef = 47A02E3D2670A87900DFA715 /* MenuTableViewCell.swift */; };
		47A02E4C2670A87C00DFA715 /* MainTabBar.swift in Sources */ = {isa = PBXBuildFile; fileRef = 47A02E402670A87A00DFA715 /* MainTabBar.swift */; };
		47A02E4D2670A87C00DFA715 /* BasketViewController.swift in Sources */ = {isa = PBXBuildFile; fileRef = 47A02E412670A87B00DFA715 /* BasketViewController.swift */; };
		47A02E4F2670A87C00DFA715 /* QRScannerViewController.swift in Sources */ = {isa = PBXBuildFile; fileRef = 47A02E432670A87B00DFA715 /* QRScannerViewController.swift */; };
		47A02E512670A87C00DFA715 /* SectionView.swift in Sources */ = {isa = PBXBuildFile; fileRef = 47A02E452670A87C00DFA715 /* SectionView.swift */; };
		47A02E562670AC2500DFA715 /* GoogleService-Info.plist in Resources */ = {isa = PBXBuildFile; fileRef = 47A02E552670AC2500DFA715 /* GoogleService-Info.plist */; };
		58B41E28381769DC2DE583AE /* Pods_QrRestaurantMenuApp_QrRestaurantMenuAppUITests.framework in Frameworks */ = {isa = PBXBuildFile; fileRef = 80AE9F6A0218D95D84328131 /* Pods_QrRestaurantMenuApp_QrRestaurantMenuAppUITests.framework */; };
		7DF4F6065FAD12457CD16594 /* Pods_QrRestaurantMenuApp.framework in Frameworks */ = {isa = PBXBuildFile; fileRef = AB19907383E458A038A3C5B6 /* Pods_QrRestaurantMenuApp.framework */; };
		9493E8A626983BC100DF551A /* cancel.png in Resources */ = {isa = PBXBuildFile; fileRef = 9493E8A526983BC100DF551A /* cancel.png */; };
		94AB51B6268DDA640003F1A2 /* SnackbarViewController.swift in Sources */ = {isa = PBXBuildFile; fileRef = 94AB51B0268DDA600003F1A2 /* SnackbarViewController.swift */; };
		94AB51BF268DDB1B0003F1A2 /* PhoneVerificationViewController.swift in Sources */ = {isa = PBXBuildFile; fileRef = 94AB51BE268DDB1B0003F1A2 /* PhoneVerificationViewController.swift */; };
		B602826B267B34F9005CE565 /* SelectCardViewController.swift in Sources */ = {isa = PBXBuildFile; fileRef = B602826A267B34F9005CE565 /* SelectCardViewController.swift */; };
		B602828B267B831D005CE565 /* SelectedFooter.swift in Sources */ = {isa = PBXBuildFile; fileRef = B602828A267B831D005CE565 /* SelectedFooter.swift */; };
		B6028290267B84E7005CE565 /* SelectedCardCell.swift in Sources */ = {isa = PBXBuildFile; fileRef = B602828F267B84E7005CE565 /* SelectedCardCell.swift */; };
		B60282C0267C8241005CE565 /* OrderSuccessfulTableViewCell.swift in Sources */ = {isa = PBXBuildFile; fileRef = B60282BF267C8241005CE565 /* OrderSuccessfulTableViewCell.swift */; };
		B60282CA267C825B005CE565 /* OrderSuccessfulTableViewFooter.swift in Sources */ = {isa = PBXBuildFile; fileRef = B60282C9267C825B005CE565 /* OrderSuccessfulTableViewFooter.swift */; };
		B60282CF267C8279005CE565 /* OrderSuccessfulTableViewHeader.swift in Sources */ = {isa = PBXBuildFile; fileRef = B60282CE267C8279005CE565 /* OrderSuccessfulTableViewHeader.swift */; };
		B60282D4267C8280005CE565 /* OrderSuccessfulViewController.swift in Sources */ = {isa = PBXBuildFile; fileRef = B60282D3267C8280005CE565 /* OrderSuccessfulViewController.swift */; };
		B60282D9267CA5AC005CE565 /* RestaurantInfoTableViewCell.swift in Sources */ = {isa = PBXBuildFile; fileRef = B60282D8267CA5AB005CE565 /* RestaurantInfoTableViewCell.swift */; };
		B60282E8267CB8F8005CE565 /* ChechButton.swift in Sources */ = {isa = PBXBuildFile; fileRef = B60282E7267CB8F8005CE565 /* ChechButton.swift */; };
		B62BB2B7267F3F60003C3C8B /* OrdersHistoryViewController.swift in Sources */ = {isa = PBXBuildFile; fileRef = B62BB2B6267F3F60003C3C8B /* OrdersHistoryViewController.swift */; };
		B62BB2BC267F41B9003C3C8B /* OrderCell.swift in Sources */ = {isa = PBXBuildFile; fileRef = B62BB2BB267F41B9003C3C8B /* OrderCell.swift */; };
		B62BB2C1267F5F4A003C3C8B /* OrderFooter.swift in Sources */ = {isa = PBXBuildFile; fileRef = B62BB2C0267F5F4A003C3C8B /* OrderFooter.swift */; };
/* End PBXBuildFile section */

/* Begin PBXContainerItemProxy section */
		47A02E122670A3D200DFA715 /* PBXContainerItemProxy */ = {
			isa = PBXContainerItemProxy;
			containerPortal = 47A02DF32670A3D100DFA715 /* Project object */;
			proxyType = 1;
			remoteGlobalIDString = 47A02DFA2670A3D100DFA715;
			remoteInfo = QrRestaurantMenuApp;
		};
		47A02E1D2670A3D200DFA715 /* PBXContainerItemProxy */ = {
			isa = PBXContainerItemProxy;
			containerPortal = 47A02DF32670A3D100DFA715 /* Project object */;
			proxyType = 1;
			remoteGlobalIDString = 47A02DFA2670A3D100DFA715;
			remoteInfo = QrRestaurantMenuApp;
		};
/* End PBXContainerItemProxy section */

/* Begin PBXFileReference section */
		0320077A86B24579890FE659 /* Pods-QrRestaurantMenuAppTests.debug.xcconfig */ = {isa = PBXFileReference; includeInIndex = 1; lastKnownFileType = text.xcconfig; name = "Pods-QrRestaurantMenuAppTests.debug.xcconfig"; path = "Target Support Files/Pods-QrRestaurantMenuAppTests/Pods-QrRestaurantMenuAppTests.debug.xcconfig"; sourceTree = "<group>"; };
		09ADAA72769BC07C1999A269 /* Pods_QrRestaurantMenuAppTests.framework */ = {isa = PBXFileReference; explicitFileType = wrapper.framework; includeInIndex = 0; path = Pods_QrRestaurantMenuAppTests.framework; sourceTree = BUILT_PRODUCTS_DIR; };
		471317102684CE6D00570D74 /* OrderTableViewCell.swift */ = {isa = PBXFileReference; lastKnownFileType = sourcecode.swift; path = OrderTableViewCell.swift; sourceTree = "<group>"; };
		471317142684CE8100570D74 /* OrderListViewController.swift */ = {isa = PBXFileReference; fileEncoding = 4; lastKnownFileType = sourcecode.swift; path = OrderListViewController.swift; sourceTree = "<group>"; };
		47324CAD2696E2B0003F4075 /* TestViewController.swift */ = {isa = PBXFileReference; lastKnownFileType = sourcecode.swift; path = TestViewController.swift; sourceTree = "<group>"; };
		47324CB12696FAE5003F4075 /* TabBar.swift */ = {isa = PBXFileReference; fileEncoding = 4; lastKnownFileType = sourcecode.swift; path = TabBar.swift; sourceTree = "<group>"; };
		47324CB32696FB48003F4075 /* EmptyViewController.swift */ = {isa = PBXFileReference; fileEncoding = 4; lastKnownFileType = sourcecode.swift; path = EmptyViewController.swift; sourceTree = "<group>"; };
		47324CBB269782B7003F4075 /* OrderFailedViewController.swift */ = {isa = PBXFileReference; fileEncoding = 4; lastKnownFileType = sourcecode.swift; path = OrderFailedViewController.swift; sourceTree = "<group>"; };
		47336E0526866FAE00445880 /* TabBarTitleView.swift */ = {isa = PBXFileReference; lastKnownFileType = sourcecode.swift; path = TabBarTitleView.swift; sourceTree = "<group>"; };
		47336E092687259E00445880 /* Inter-VariableFont_slnt,wght.ttf */ = {isa = PBXFileReference; lastKnownFileType = file; path = "Inter-VariableFont_slnt,wght.ttf"; sourceTree = "<group>"; };
		47336E0B2687259E00445880 /* Inter-Medium.ttf */ = {isa = PBXFileReference; lastKnownFileType = file; path = "Inter-Medium.ttf"; sourceTree = "<group>"; };
		47336E0C2687259E00445880 /* Inter-Light.ttf */ = {isa = PBXFileReference; lastKnownFileType = file; path = "Inter-Light.ttf"; sourceTree = "<group>"; };
		47336E0D2687259E00445880 /* Inter-Thin.ttf */ = {isa = PBXFileReference; lastKnownFileType = file; path = "Inter-Thin.ttf"; sourceTree = "<group>"; };
		47336E0E2687259E00445880 /* Inter-Bold.ttf */ = {isa = PBXFileReference; lastKnownFileType = file; path = "Inter-Bold.ttf"; sourceTree = "<group>"; };
		47336E0F2687259E00445880 /* Inter-Regular.ttf */ = {isa = PBXFileReference; lastKnownFileType = file; path = "Inter-Regular.ttf"; sourceTree = "<group>"; };
		47336E102687259E00445880 /* Inter-ExtraBold.ttf */ = {isa = PBXFileReference; lastKnownFileType = file; path = "Inter-ExtraBold.ttf"; sourceTree = "<group>"; };
		47336E112687259E00445880 /* Inter-ExtraLight.ttf */ = {isa = PBXFileReference; lastKnownFileType = file; path = "Inter-ExtraLight.ttf"; sourceTree = "<group>"; };
		47336E122687259E00445880 /* Inter-Black.ttf */ = {isa = PBXFileReference; lastKnownFileType = file; path = "Inter-Black.ttf"; sourceTree = "<group>"; };
		47336E132687259E00445880 /* Inter-SemiBold.ttf */ = {isa = PBXFileReference; lastKnownFileType = file; path = "Inter-SemiBold.ttf"; sourceTree = "<group>"; };
		47336E142687259E00445880 /* OFL.txt */ = {isa = PBXFileReference; fileEncoding = 4; lastKnownFileType = text; path = OFL.txt; sourceTree = "<group>"; };
		47336E152687259E00445880 /* README.txt */ = {isa = PBXFileReference; fileEncoding = 4; lastKnownFileType = text; path = README.txt; sourceTree = "<group>"; };
		47336E262687BF3F00445880 /* CommentViewController.swift */ = {isa = PBXFileReference; lastKnownFileType = sourcecode.swift; path = CommentViewController.swift; sourceTree = "<group>"; };
		473BE6EC268B8DB300363B29 /* UserProfileViewController.swift */ = {isa = PBXFileReference; lastKnownFileType = sourcecode.swift; path = UserProfileViewController.swift; sourceTree = "<group>"; };
		473BE6EE268BABCE00363B29 /* EditProfileViewController.swift */ = {isa = PBXFileReference; lastKnownFileType = sourcecode.swift; path = EditProfileViewController.swift; sourceTree = "<group>"; };
		473EB47526733FAD0083068F /* CardCellTableViewCell.swift */ = {isa = PBXFileReference; fileEncoding = 4; lastKnownFileType = sourcecode.swift; path = CardCellTableViewCell.swift; sourceTree = "<group>"; };
		477377C326710F6200C9F2B2 /* BasketTableViewCell.swift */ = {isa = PBXFileReference; lastKnownFileType = sourcecode.swift; path = BasketTableViewCell.swift; sourceTree = "<group>"; };
		477377C5267214E300C9F2B2 /* User.swift */ = {isa = PBXFileReference; lastKnownFileType = sourcecode.swift; path = User.swift; sourceTree = "<group>"; };
		477377CB2672507300C9F2B2 /* QRFirebaseDatabase.swift */ = {isa = PBXFileReference; lastKnownFileType = sourcecode.swift; path = QRFirebaseDatabase.swift; sourceTree = "<group>"; };
		477377CD26725A2400C9F2B2 /* CardViewController.swift */ = {isa = PBXFileReference; lastKnownFileType = sourcecode.swift; path = CardViewController.swift; sourceTree = "<group>"; };
		477377CF26725B3100C9F2B2 /* FooterView.swift */ = {isa = PBXFileReference; lastKnownFileType = sourcecode.swift; path = FooterView.swift; sourceTree = "<group>"; };
		477377D12672992000C9F2B2 /* RestaurantsTableViewCell.swift */ = {isa = PBXFileReference; fileEncoding = 4; lastKnownFileType = sourcecode.swift; path = RestaurantsTableViewCell.swift; sourceTree = "<group>"; };
		4776E6BB26773C9900688792 /* RestaurantsViewController.swift */ = {isa = PBXFileReference; fileEncoding = 4; lastKnownFileType = sourcecode.swift; path = RestaurantsViewController.swift; sourceTree = "<group>"; };
		4776E6BF267753AB00688792 /* RestoranInfoViewController.swift */ = {isa = PBXFileReference; fileEncoding = 4; lastKnownFileType = sourcecode.swift; path = RestoranInfoViewController.swift; sourceTree = "<group>"; };
		4776E6C12677562F00688792 /* RestScrollViewController.swift */ = {isa = PBXFileReference; fileEncoding = 4; lastKnownFileType = sourcecode.swift; path = RestScrollViewController.swift; sourceTree = "<group>"; };
		4776E6C326776FB900688792 /* AddCardViewController.swift */ = {isa = PBXFileReference; fileEncoding = 4; lastKnownFileType = sourcecode.swift; path = AddCardViewController.swift; sourceTree = "<group>"; };
		4776E6C52677731600688792 /* ExtensionForCard.swift */ = {isa = PBXFileReference; fileEncoding = 4; lastKnownFileType = sourcecode.swift; path = ExtensionForCard.swift; sourceTree = "<group>"; };
		4776E6C72677733800688792 /* ExtensionUI.swift */ = {isa = PBXFileReference; fileEncoding = 4; lastKnownFileType = sourcecode.swift; path = ExtensionUI.swift; sourceTree = "<group>"; };
		47A02DFB2670A3D100DFA715 /* QrRestaurantMenuApp.app */ = {isa = PBXFileReference; explicitFileType = wrapper.application; includeInIndex = 0; path = QrRestaurantMenuApp.app; sourceTree = BUILT_PRODUCTS_DIR; };
		47A02DFE2670A3D100DFA715 /* AppDelegate.swift */ = {isa = PBXFileReference; lastKnownFileType = sourcecode.swift; path = AppDelegate.swift; sourceTree = "<group>"; };
		47A02E002670A3D100DFA715 /* SceneDelegate.swift */ = {isa = PBXFileReference; lastKnownFileType = sourcecode.swift; path = SceneDelegate.swift; sourceTree = "<group>"; };
		47A02E052670A3D100DFA715 /* Base */ = {isa = PBXFileReference; lastKnownFileType = file.storyboard; name = Base; path = Base.lproj/Main.storyboard; sourceTree = "<group>"; };
		47A02E072670A3D200DFA715 /* Assets.xcassets */ = {isa = PBXFileReference; lastKnownFileType = folder.assetcatalog; path = Assets.xcassets; sourceTree = "<group>"; };
		47A02E0A2670A3D200DFA715 /* Base */ = {isa = PBXFileReference; lastKnownFileType = file.storyboard; name = Base; path = Base.lproj/LaunchScreen.storyboard; sourceTree = "<group>"; };
		47A02E0C2670A3D200DFA715 /* Info.plist */ = {isa = PBXFileReference; lastKnownFileType = text.plist.xml; path = Info.plist; sourceTree = "<group>"; };
		47A02E112670A3D200DFA715 /* QrRestaurantMenuAppTests.xctest */ = {isa = PBXFileReference; explicitFileType = wrapper.cfbundle; includeInIndex = 0; path = QrRestaurantMenuAppTests.xctest; sourceTree = BUILT_PRODUCTS_DIR; };
		47A02E152670A3D200DFA715 /* QrRestaurantMenuAppTests.swift */ = {isa = PBXFileReference; lastKnownFileType = sourcecode.swift; path = QrRestaurantMenuAppTests.swift; sourceTree = "<group>"; };
		47A02E172670A3D200DFA715 /* Info.plist */ = {isa = PBXFileReference; lastKnownFileType = text.plist.xml; path = Info.plist; sourceTree = "<group>"; };
		47A02E1C2670A3D200DFA715 /* QrRestaurantMenuAppUITests.xctest */ = {isa = PBXFileReference; explicitFileType = wrapper.cfbundle; includeInIndex = 0; path = QrRestaurantMenuAppUITests.xctest; sourceTree = BUILT_PRODUCTS_DIR; };
		47A02E202670A3D200DFA715 /* QrRestaurantMenuAppUITests.swift */ = {isa = PBXFileReference; lastKnownFileType = sourcecode.swift; path = QrRestaurantMenuAppUITests.swift; sourceTree = "<group>"; };
		47A02E222670A3D200DFA715 /* Info.plist */ = {isa = PBXFileReference; lastKnownFileType = text.plist.xml; path = Info.plist; sourceTree = "<group>"; };
		47A02E342670A86800DFA715 /* MenuItem.swift */ = {isa = PBXFileReference; fileEncoding = 4; lastKnownFileType = sourcecode.swift; path = MenuItem.swift; sourceTree = "<group>"; };
		47A02E352670A86800DFA715 /* Restaurant.swift */ = {isa = PBXFileReference; fileEncoding = 4; lastKnownFileType = sourcecode.swift; path = Restaurant.swift; sourceTree = "<group>"; };
		47A02E362670A86800DFA715 /* Category.swift */ = {isa = PBXFileReference; fileEncoding = 4; lastKnownFileType = sourcecode.swift; path = Category.swift; sourceTree = "<group>"; };
		47A02E3A2670A87900DFA715 /* MenuViewController.swift */ = {isa = PBXFileReference; fileEncoding = 4; lastKnownFileType = sourcecode.swift; path = MenuViewController.swift; sourceTree = "<group>"; };
		47A02E3C2670A87900DFA715 /* CategoryCollectionViewCell.swift */ = {isa = PBXFileReference; fileEncoding = 4; lastKnownFileType = sourcecode.swift; path = CategoryCollectionViewCell.swift; sourceTree = "<group>"; };
		47A02E3D2670A87900DFA715 /* MenuTableViewCell.swift */ = {isa = PBXFileReference; fileEncoding = 4; lastKnownFileType = sourcecode.swift; path = MenuTableViewCell.swift; sourceTree = "<group>"; };
		47A02E402670A87A00DFA715 /* MainTabBar.swift */ = {isa = PBXFileReference; fileEncoding = 4; lastKnownFileType = sourcecode.swift; path = MainTabBar.swift; sourceTree = "<group>"; };
		47A02E412670A87B00DFA715 /* BasketViewController.swift */ = {isa = PBXFileReference; fileEncoding = 4; lastKnownFileType = sourcecode.swift; path = BasketViewController.swift; sourceTree = "<group>"; };
		47A02E432670A87B00DFA715 /* QRScannerViewController.swift */ = {isa = PBXFileReference; fileEncoding = 4; lastKnownFileType = sourcecode.swift; path = QRScannerViewController.swift; sourceTree = "<group>"; };
		47A02E452670A87C00DFA715 /* SectionView.swift */ = {isa = PBXFileReference; fileEncoding = 4; lastKnownFileType = sourcecode.swift; path = SectionView.swift; sourceTree = "<group>"; };
		47A02E552670AC2500DFA715 /* GoogleService-Info.plist */ = {isa = PBXFileReference; fileEncoding = 4; lastKnownFileType = text.plist.xml; path = "GoogleService-Info.plist"; sourceTree = "<group>"; };
		80AE9F6A0218D95D84328131 /* Pods_QrRestaurantMenuApp_QrRestaurantMenuAppUITests.framework */ = {isa = PBXFileReference; explicitFileType = wrapper.framework; includeInIndex = 0; path = Pods_QrRestaurantMenuApp_QrRestaurantMenuAppUITests.framework; sourceTree = BUILT_PRODUCTS_DIR; };
		9493E8A526983BC100DF551A /* cancel.png */ = {isa = PBXFileReference; lastKnownFileType = image.png; path = cancel.png; sourceTree = "<group>"; };
		94AB51B0268DDA600003F1A2 /* SnackbarViewController.swift */ = {isa = PBXFileReference; fileEncoding = 4; lastKnownFileType = sourcecode.swift; path = SnackbarViewController.swift; sourceTree = "<group>"; };
		94AB51BE268DDB1B0003F1A2 /* PhoneVerificationViewController.swift */ = {isa = PBXFileReference; lastKnownFileType = sourcecode.swift; path = PhoneVerificationViewController.swift; sourceTree = "<group>"; };
		A19D50A3F2EB5E11163C452B /* Pods-QrRestaurantMenuApp-QrRestaurantMenuAppUITests.release.xcconfig */ = {isa = PBXFileReference; includeInIndex = 1; lastKnownFileType = text.xcconfig; name = "Pods-QrRestaurantMenuApp-QrRestaurantMenuAppUITests.release.xcconfig"; path = "Target Support Files/Pods-QrRestaurantMenuApp-QrRestaurantMenuAppUITests/Pods-QrRestaurantMenuApp-QrRestaurantMenuAppUITests.release.xcconfig"; sourceTree = "<group>"; };
		AB19907383E458A038A3C5B6 /* Pods_QrRestaurantMenuApp.framework */ = {isa = PBXFileReference; explicitFileType = wrapper.framework; includeInIndex = 0; path = Pods_QrRestaurantMenuApp.framework; sourceTree = BUILT_PRODUCTS_DIR; };
		B602826A267B34F9005CE565 /* SelectCardViewController.swift */ = {isa = PBXFileReference; lastKnownFileType = sourcecode.swift; path = SelectCardViewController.swift; sourceTree = "<group>"; };
		B602828A267B831D005CE565 /* SelectedFooter.swift */ = {isa = PBXFileReference; lastKnownFileType = sourcecode.swift; path = SelectedFooter.swift; sourceTree = "<group>"; };
		B602828F267B84E7005CE565 /* SelectedCardCell.swift */ = {isa = PBXFileReference; lastKnownFileType = sourcecode.swift; path = SelectedCardCell.swift; sourceTree = "<group>"; };
		B60282BF267C8241005CE565 /* OrderSuccessfulTableViewCell.swift */ = {isa = PBXFileReference; fileEncoding = 4; lastKnownFileType = sourcecode.swift; path = OrderSuccessfulTableViewCell.swift; sourceTree = "<group>"; };
		B60282C9267C825B005CE565 /* OrderSuccessfulTableViewFooter.swift */ = {isa = PBXFileReference; fileEncoding = 4; lastKnownFileType = sourcecode.swift; path = OrderSuccessfulTableViewFooter.swift; sourceTree = "<group>"; };
		B60282CE267C8279005CE565 /* OrderSuccessfulTableViewHeader.swift */ = {isa = PBXFileReference; fileEncoding = 4; lastKnownFileType = sourcecode.swift; path = OrderSuccessfulTableViewHeader.swift; sourceTree = "<group>"; };
		B60282D3267C8280005CE565 /* OrderSuccessfulViewController.swift */ = {isa = PBXFileReference; fileEncoding = 4; lastKnownFileType = sourcecode.swift; path = OrderSuccessfulViewController.swift; sourceTree = "<group>"; };
		B60282D8267CA5AB005CE565 /* RestaurantInfoTableViewCell.swift */ = {isa = PBXFileReference; fileEncoding = 4; lastKnownFileType = sourcecode.swift; path = RestaurantInfoTableViewCell.swift; sourceTree = "<group>"; };
		B60282E7267CB8F8005CE565 /* ChechButton.swift */ = {isa = PBXFileReference; lastKnownFileType = sourcecode.swift; path = ChechButton.swift; sourceTree = "<group>"; };
		B62BB2B6267F3F60003C3C8B /* OrdersHistoryViewController.swift */ = {isa = PBXFileReference; lastKnownFileType = sourcecode.swift; path = OrdersHistoryViewController.swift; sourceTree = "<group>"; };
		B62BB2BB267F41B9003C3C8B /* OrderCell.swift */ = {isa = PBXFileReference; lastKnownFileType = sourcecode.swift; path = OrderCell.swift; sourceTree = "<group>"; };
		B62BB2C0267F5F4A003C3C8B /* OrderFooter.swift */ = {isa = PBXFileReference; lastKnownFileType = sourcecode.swift; path = OrderFooter.swift; sourceTree = "<group>"; };
		CA5BDC0A6AD12A4D59A76AF0 /* Pods-QrRestaurantMenuAppTests.release.xcconfig */ = {isa = PBXFileReference; includeInIndex = 1; lastKnownFileType = text.xcconfig; name = "Pods-QrRestaurantMenuAppTests.release.xcconfig"; path = "Target Support Files/Pods-QrRestaurantMenuAppTests/Pods-QrRestaurantMenuAppTests.release.xcconfig"; sourceTree = "<group>"; };
		CC895F76BC5222FC21DCE62A /* Pods-QrRestaurantMenuApp.release.xcconfig */ = {isa = PBXFileReference; includeInIndex = 1; lastKnownFileType = text.xcconfig; name = "Pods-QrRestaurantMenuApp.release.xcconfig"; path = "Target Support Files/Pods-QrRestaurantMenuApp/Pods-QrRestaurantMenuApp.release.xcconfig"; sourceTree = "<group>"; };
		D21A5E41E325A55ED246635E /* Pods-QrRestaurantMenuApp-QrRestaurantMenuAppUITests.debug.xcconfig */ = {isa = PBXFileReference; includeInIndex = 1; lastKnownFileType = text.xcconfig; name = "Pods-QrRestaurantMenuApp-QrRestaurantMenuAppUITests.debug.xcconfig"; path = "Target Support Files/Pods-QrRestaurantMenuApp-QrRestaurantMenuAppUITests/Pods-QrRestaurantMenuApp-QrRestaurantMenuAppUITests.debug.xcconfig"; sourceTree = "<group>"; };
		D996EF3AE53CFE0BD276BBFA /* Pods-QrRestaurantMenuApp.debug.xcconfig */ = {isa = PBXFileReference; includeInIndex = 1; lastKnownFileType = text.xcconfig; name = "Pods-QrRestaurantMenuApp.debug.xcconfig"; path = "Target Support Files/Pods-QrRestaurantMenuApp/Pods-QrRestaurantMenuApp.debug.xcconfig"; sourceTree = "<group>"; };
/* End PBXFileReference section */

/* Begin PBXFrameworksBuildPhase section */
		47A02DF82670A3D100DFA715 /* Frameworks */ = {
			isa = PBXFrameworksBuildPhase;
			buildActionMask = 2147483647;
			files = (
				7DF4F6065FAD12457CD16594 /* Pods_QrRestaurantMenuApp.framework in Frameworks */,
			);
			runOnlyForDeploymentPostprocessing = 0;
		};
		47A02E0E2670A3D200DFA715 /* Frameworks */ = {
			isa = PBXFrameworksBuildPhase;
			buildActionMask = 2147483647;
			files = (
				2EBE5976ACC60E6F2D713CF4 /* Pods_QrRestaurantMenuAppTests.framework in Frameworks */,
			);
			runOnlyForDeploymentPostprocessing = 0;
		};
		47A02E192670A3D200DFA715 /* Frameworks */ = {
			isa = PBXFrameworksBuildPhase;
			buildActionMask = 2147483647;
			files = (
				58B41E28381769DC2DE583AE /* Pods_QrRestaurantMenuApp_QrRestaurantMenuAppUITests.framework in Frameworks */,
			);
			runOnlyForDeploymentPostprocessing = 0;
		};
/* End PBXFrameworksBuildPhase section */

/* Begin PBXGroup section */
		293EE9DBB78C794C1DB8699B /* Frameworks */ = {
			isa = PBXGroup;
			children = (
				AB19907383E458A038A3C5B6 /* Pods_QrRestaurantMenuApp.framework */,
				80AE9F6A0218D95D84328131 /* Pods_QrRestaurantMenuApp_QrRestaurantMenuAppUITests.framework */,
				09ADAA72769BC07C1999A269 /* Pods_QrRestaurantMenuAppTests.framework */,
			);
			name = Frameworks;
			sourceTree = "<group>";
		};
		47336E072687259300445880 /* Fonts */ = {
			isa = PBXGroup;
			children = (
				47336E082687259E00445880 /* Inter */,
			);
			path = Fonts;
			sourceTree = "<group>";
		};
		47336E082687259E00445880 /* Inter */ = {
			isa = PBXGroup;
			children = (
				47336E092687259E00445880 /* Inter-VariableFont_slnt,wght.ttf */,
				47336E0A2687259E00445880 /* static */,
				47336E142687259E00445880 /* OFL.txt */,
				47336E152687259E00445880 /* README.txt */,
			);
			path = Inter;
			sourceTree = "<group>";
		};
		47336E0A2687259E00445880 /* static */ = {
			isa = PBXGroup;
			children = (
				47336E0B2687259E00445880 /* Inter-Medium.ttf */,
				47336E0C2687259E00445880 /* Inter-Light.ttf */,
				47336E0D2687259E00445880 /* Inter-Thin.ttf */,
				47336E0E2687259E00445880 /* Inter-Bold.ttf */,
				47336E0F2687259E00445880 /* Inter-Regular.ttf */,
				47336E102687259E00445880 /* Inter-ExtraBold.ttf */,
				47336E112687259E00445880 /* Inter-ExtraLight.ttf */,
				47336E122687259E00445880 /* Inter-Black.ttf */,
				47336E132687259E00445880 /* Inter-SemiBold.ttf */,
			);
			path = static;
			sourceTree = "<group>";
		};
		47A02DF22670A3D100DFA715 = {
			isa = PBXGroup;
			children = (
				47A02DFD2670A3D100DFA715 /* QrRestaurantMenuApp */,
				47A02E142670A3D200DFA715 /* QrRestaurantMenuAppTests */,
				47A02E1F2670A3D200DFA715 /* QrRestaurantMenuAppUITests */,
				47A02DFC2670A3D100DFA715 /* Products */,
				7DDE64FE44BC06A7412AA569 /* Pods */,
				293EE9DBB78C794C1DB8699B /* Frameworks */,
			);
			sourceTree = "<group>";
			usesTabs = 0;
		};
		47A02DFC2670A3D100DFA715 /* Products */ = {
			isa = PBXGroup;
			children = (
				47A02DFB2670A3D100DFA715 /* QrRestaurantMenuApp.app */,
				47A02E112670A3D200DFA715 /* QrRestaurantMenuAppTests.xctest */,
				47A02E1C2670A3D200DFA715 /* QrRestaurantMenuAppUITests.xctest */,
			);
			name = Products;
			sourceTree = "<group>";
		};
		47A02DFD2670A3D100DFA715 /* QrRestaurantMenuApp */ = {
			isa = PBXGroup;
			children = (
				47336E072687259300445880 /* Fonts */,
				47A02E522670A88900DFA715 /* Services */,
				47A02E332670A6CF00DFA715 /* Models */,
				47A02E322670A6CA00DFA715 /* Controllers */,
				47A02E312670A6C500DFA715 /* Views */,
				47A02DFE2670A3D100DFA715 /* AppDelegate.swift */,
				47A02E552670AC2500DFA715 /* GoogleService-Info.plist */,
				47A02E002670A3D100DFA715 /* SceneDelegate.swift */,
				47A02E042670A3D100DFA715 /* Main.storyboard */,
				47A02E072670A3D200DFA715 /* Assets.xcassets */,
				9493E8A526983BC100DF551A /* cancel.png */,
				47A02E092670A3D200DFA715 /* LaunchScreen.storyboard */,
				47A02E0C2670A3D200DFA715 /* Info.plist */,
			);
			path = QrRestaurantMenuApp;
			sourceTree = "<group>";
		};
		47A02E142670A3D200DFA715 /* QrRestaurantMenuAppTests */ = {
			isa = PBXGroup;
			children = (
				47A02E152670A3D200DFA715 /* QrRestaurantMenuAppTests.swift */,
				47A02E172670A3D200DFA715 /* Info.plist */,
			);
			path = QrRestaurantMenuAppTests;
			sourceTree = "<group>";
		};
		47A02E1F2670A3D200DFA715 /* QrRestaurantMenuAppUITests */ = {
			isa = PBXGroup;
			children = (
				47A02E202670A3D200DFA715 /* QrRestaurantMenuAppUITests.swift */,
				47A02E222670A3D200DFA715 /* Info.plist */,
			);
			path = QrRestaurantMenuAppUITests;
			sourceTree = "<group>";
		};
		47A02E312670A6C500DFA715 /* Views */ = {
			isa = PBXGroup;
			children = (
				47324CB12696FAE5003F4075 /* TabBar.swift */,
				4776E6C72677733800688792 /* ExtensionUI.swift */,
				4776E6C52677731600688792 /* ExtensionForCard.swift */,
				473EB47526733FAD0083068F /* CardCellTableViewCell.swift */,
				477377CF26725B3100C9F2B2 /* FooterView.swift */,
				B60282BF267C8241005CE565 /* OrderSuccessfulTableViewCell.swift */,
				477377D12672992000C9F2B2 /* RestaurantsTableViewCell.swift */,
				47A02E3C2670A87900DFA715 /* CategoryCollectionViewCell.swift */,
				B60282D8267CA5AB005CE565 /* RestaurantInfoTableViewCell.swift */,
				47A02E3D2670A87900DFA715 /* MenuTableViewCell.swift */,
				47A02E452670A87C00DFA715 /* SectionView.swift */,
				477377C326710F6200C9F2B2 /* BasketTableViewCell.swift */,
				B602828A267B831D005CE565 /* SelectedFooter.swift */,
				B60282CE267C8279005CE565 /* OrderSuccessfulTableViewHeader.swift */,
				B60282C9267C825B005CE565 /* OrderSuccessfulTableViewFooter.swift */,
				B602828F267B84E7005CE565 /* SelectedCardCell.swift */,
				B60282E7267CB8F8005CE565 /* ChechButton.swift */,
				B62BB2BB267F41B9003C3C8B /* OrderCell.swift */,
				B62BB2C0267F5F4A003C3C8B /* OrderFooter.swift */,
				471317102684CE6D00570D74 /* OrderTableViewCell.swift */,
				47336E0526866FAE00445880 /* TabBarTitleView.swift */,
			);
			path = Views;
			sourceTree = "<group>";
		};
		47A02E322670A6CA00DFA715 /* Controllers */ = {
			isa = PBXGroup;
			children = (
				47324CBB269782B7003F4075 /* OrderFailedViewController.swift */,
				473BE6EC268B8DB300363B29 /* UserProfileViewController.swift */,
				94AB51B0268DDA600003F1A2 /* SnackbarViewController.swift */,
				47A02E3A2670A87900DFA715 /* MenuViewController.swift */,
				94AB51BE268DDB1B0003F1A2 /* PhoneVerificationViewController.swift */,
				473BE6EE268BABCE00363B29 /* EditProfileViewController.swift */,
				47A02E432670A87B00DFA715 /* QRScannerViewController.swift */,
				4776E6C12677562F00688792 /* RestScrollViewController.swift */,
				4776E6BB26773C9900688792 /* RestaurantsViewController.swift */,
				4776E6BF267753AB00688792 /* RestoranInfoViewController.swift */,
				4776E6C326776FB900688792 /* AddCardViewController.swift */,
				47A02E402670A87A00DFA715 /* MainTabBar.swift */,
				47A02E412670A87B00DFA715 /* BasketViewController.swift */,
				B60282D3267C8280005CE565 /* OrderSuccessfulViewController.swift */,
				477377CD26725A2400C9F2B2 /* CardViewController.swift */,
				B602826A267B34F9005CE565 /* SelectCardViewController.swift */,
				471317142684CE8100570D74 /* OrderListViewController.swift */,
				47324CB32696FB48003F4075 /* EmptyViewController.swift */,
				B62BB2B6267F3F60003C3C8B /* OrdersHistoryViewController.swift */,
				47336E262687BF3F00445880 /* CommentViewController.swift */,
				47324CAD2696E2B0003F4075 /* TestViewController.swift */,
			);
			path = Controllers;
			sourceTree = "<group>";
		};
		47A02E332670A6CF00DFA715 /* Models */ = {
			isa = PBXGroup;
			children = (
				47A02E362670A86800DFA715 /* Category.swift */,
				47A02E342670A86800DFA715 /* MenuItem.swift */,
				47A02E352670A86800DFA715 /* Restaurant.swift */,
				477377C5267214E300C9F2B2 /* User.swift */,
			);
			path = Models;
			sourceTree = "<group>";
		};
		47A02E522670A88900DFA715 /* Services */ = {
			isa = PBXGroup;
			children = (
				477377CB2672507300C9F2B2 /* QRFirebaseDatabase.swift */,
			);
			path = Services;
			sourceTree = "<group>";
		};
		7DDE64FE44BC06A7412AA569 /* Pods */ = {
			isa = PBXGroup;
			children = (
				D996EF3AE53CFE0BD276BBFA /* Pods-QrRestaurantMenuApp.debug.xcconfig */,
				CC895F76BC5222FC21DCE62A /* Pods-QrRestaurantMenuApp.release.xcconfig */,
				D21A5E41E325A55ED246635E /* Pods-QrRestaurantMenuApp-QrRestaurantMenuAppUITests.debug.xcconfig */,
				A19D50A3F2EB5E11163C452B /* Pods-QrRestaurantMenuApp-QrRestaurantMenuAppUITests.release.xcconfig */,
				0320077A86B24579890FE659 /* Pods-QrRestaurantMenuAppTests.debug.xcconfig */,
				CA5BDC0A6AD12A4D59A76AF0 /* Pods-QrRestaurantMenuAppTests.release.xcconfig */,
			);
			path = Pods;
			sourceTree = "<group>";
		};
/* End PBXGroup section */

/* Begin PBXNativeTarget section */
		47A02DFA2670A3D100DFA715 /* QrRestaurantMenuApp */ = {
			isa = PBXNativeTarget;
			buildConfigurationList = 47A02E252670A3D200DFA715 /* Build configuration list for PBXNativeTarget "QrRestaurantMenuApp" */;
			buildPhases = (
				65437031112DBDAD679A8EE6 /* [CP] Check Pods Manifest.lock */,
				47A02DF72670A3D100DFA715 /* Sources */,
				47A02DF82670A3D100DFA715 /* Frameworks */,
				47A02DF92670A3D100DFA715 /* Resources */,
				94467A2C1A567940B654FC76 /* [CP] Embed Pods Frameworks */,
			);
			buildRules = (
			);
			dependencies = (
			);
			name = QrRestaurantMenuApp;
			productName = QrRestaurantMenuApp;
			productReference = 47A02DFB2670A3D100DFA715 /* QrRestaurantMenuApp.app */;
			productType = "com.apple.product-type.application";
		};
		47A02E102670A3D200DFA715 /* QrRestaurantMenuAppTests */ = {
			isa = PBXNativeTarget;
			buildConfigurationList = 47A02E282670A3D200DFA715 /* Build configuration list for PBXNativeTarget "QrRestaurantMenuAppTests" */;
			buildPhases = (
				92431F0FF241C489BCF8D29F /* [CP] Check Pods Manifest.lock */,
				47A02E0D2670A3D200DFA715 /* Sources */,
				47A02E0E2670A3D200DFA715 /* Frameworks */,
				47A02E0F2670A3D200DFA715 /* Resources */,
			);
			buildRules = (
			);
			dependencies = (
				47A02E132670A3D200DFA715 /* PBXTargetDependency */,
			);
			name = QrRestaurantMenuAppTests;
			productName = QrRestaurantMenuAppTests;
			productReference = 47A02E112670A3D200DFA715 /* QrRestaurantMenuAppTests.xctest */;
			productType = "com.apple.product-type.bundle.unit-test";
		};
		47A02E1B2670A3D200DFA715 /* QrRestaurantMenuAppUITests */ = {
			isa = PBXNativeTarget;
			buildConfigurationList = 47A02E2B2670A3D200DFA715 /* Build configuration list for PBXNativeTarget "QrRestaurantMenuAppUITests" */;
			buildPhases = (
				DCD789F338F15BEE69D8FFFE /* [CP] Check Pods Manifest.lock */,
				47A02E182670A3D200DFA715 /* Sources */,
				47A02E192670A3D200DFA715 /* Frameworks */,
				47A02E1A2670A3D200DFA715 /* Resources */,
				C8779FD56808A038BE3B447C /* [CP] Embed Pods Frameworks */,
			);
			buildRules = (
			);
			dependencies = (
				47A02E1E2670A3D200DFA715 /* PBXTargetDependency */,
			);
			name = QrRestaurantMenuAppUITests;
			productName = QrRestaurantMenuAppUITests;
			productReference = 47A02E1C2670A3D200DFA715 /* QrRestaurantMenuAppUITests.xctest */;
			productType = "com.apple.product-type.bundle.ui-testing";
		};
/* End PBXNativeTarget section */

/* Begin PBXProject section */
		47A02DF32670A3D100DFA715 /* Project object */ = {
			isa = PBXProject;
			attributes = {
				LastSwiftUpdateCheck = 1250;
				LastUpgradeCheck = 1250;
				TargetAttributes = {
					47A02DFA2670A3D100DFA715 = {
						CreatedOnToolsVersion = 12.5;
					};
					47A02E102670A3D200DFA715 = {
						CreatedOnToolsVersion = 12.5;
						TestTargetID = 47A02DFA2670A3D100DFA715;
					};
					47A02E1B2670A3D200DFA715 = {
						CreatedOnToolsVersion = 12.5;
						TestTargetID = 47A02DFA2670A3D100DFA715;
					};
				};
			};
			buildConfigurationList = 47A02DF62670A3D100DFA715 /* Build configuration list for PBXProject "QrRestaurantMenuApp" */;
			compatibilityVersion = "Xcode 9.3";
			developmentRegion = en;
			hasScannedForEncodings = 0;
			knownRegions = (
				en,
				Base,
			);
			mainGroup = 47A02DF22670A3D100DFA715;
			productRefGroup = 47A02DFC2670A3D100DFA715 /* Products */;
			projectDirPath = "";
			projectRoot = "";
			targets = (
				47A02DFA2670A3D100DFA715 /* QrRestaurantMenuApp */,
				47A02E102670A3D200DFA715 /* QrRestaurantMenuAppTests */,
				47A02E1B2670A3D200DFA715 /* QrRestaurantMenuAppUITests */,
			);
		};
/* End PBXProject section */

/* Begin PBXResourcesBuildPhase section */
		47A02DF92670A3D100DFA715 /* Resources */ = {
			isa = PBXResourcesBuildPhase;
			buildActionMask = 2147483647;
			files = (
				47336E202687259E00445880 /* OFL.txt in Resources */,
				47A02E0B2670A3D200DFA715 /* LaunchScreen.storyboard in Resources */,
				47336E1C2687259E00445880 /* Inter-ExtraBold.ttf in Resources */,
				47336E162687259E00445880 /* Inter-VariableFont_slnt,wght.ttf in Resources */,
				47336E172687259E00445880 /* Inter-Medium.ttf in Resources */,
				47336E1A2687259E00445880 /* Inter-Bold.ttf in Resources */,
				47336E212687259E00445880 /* README.txt in Resources */,
				9493E8A626983BC100DF551A /* cancel.png in Resources */,
				47A02E562670AC2500DFA715 /* GoogleService-Info.plist in Resources */,
				47336E1F2687259E00445880 /* Inter-SemiBold.ttf in Resources */,
				47336E1E2687259E00445880 /* Inter-Black.ttf in Resources */,
				47336E192687259E00445880 /* Inter-Thin.ttf in Resources */,
				47336E1D2687259E00445880 /* Inter-ExtraLight.ttf in Resources */,
				47336E1B2687259E00445880 /* Inter-Regular.ttf in Resources */,
				47A02E082670A3D200DFA715 /* Assets.xcassets in Resources */,
				47A02E062670A3D100DFA715 /* Main.storyboard in Resources */,
				47336E182687259E00445880 /* Inter-Light.ttf in Resources */,
			);
			runOnlyForDeploymentPostprocessing = 0;
		};
		47A02E0F2670A3D200DFA715 /* Resources */ = {
			isa = PBXResourcesBuildPhase;
			buildActionMask = 2147483647;
			files = (
			);
			runOnlyForDeploymentPostprocessing = 0;
		};
		47A02E1A2670A3D200DFA715 /* Resources */ = {
			isa = PBXResourcesBuildPhase;
			buildActionMask = 2147483647;
			files = (
			);
			runOnlyForDeploymentPostprocessing = 0;
		};
/* End PBXResourcesBuildPhase section */

/* Begin PBXShellScriptBuildPhase section */
		65437031112DBDAD679A8EE6 /* [CP] Check Pods Manifest.lock */ = {
			isa = PBXShellScriptBuildPhase;
			buildActionMask = 2147483647;
			files = (
			);
			inputFileListPaths = (
			);
			inputPaths = (
				"${PODS_PODFILE_DIR_PATH}/Podfile.lock",
				"${PODS_ROOT}/Manifest.lock",
			);
			name = "[CP] Check Pods Manifest.lock";
			outputFileListPaths = (
			);
			outputPaths = (
				"$(DERIVED_FILE_DIR)/Pods-QrRestaurantMenuApp-checkManifestLockResult.txt",
			);
			runOnlyForDeploymentPostprocessing = 0;
			shellPath = /bin/sh;
			shellScript = "diff \"${PODS_PODFILE_DIR_PATH}/Podfile.lock\" \"${PODS_ROOT}/Manifest.lock\" > /dev/null\nif [ $? != 0 ] ; then\n    # print error to STDERR\n    echo \"error: The sandbox is not in sync with the Podfile.lock. Run 'pod install' or update your CocoaPods installation.\" >&2\n    exit 1\nfi\n# This output is used by Xcode 'outputs' to avoid re-running this script phase.\necho \"SUCCESS\" > \"${SCRIPT_OUTPUT_FILE_0}\"\n";
			showEnvVarsInLog = 0;
		};
		92431F0FF241C489BCF8D29F /* [CP] Check Pods Manifest.lock */ = {
			isa = PBXShellScriptBuildPhase;
			buildActionMask = 2147483647;
			files = (
			);
			inputFileListPaths = (
			);
			inputPaths = (
				"${PODS_PODFILE_DIR_PATH}/Podfile.lock",
				"${PODS_ROOT}/Manifest.lock",
			);
			name = "[CP] Check Pods Manifest.lock";
			outputFileListPaths = (
			);
			outputPaths = (
				"$(DERIVED_FILE_DIR)/Pods-QrRestaurantMenuAppTests-checkManifestLockResult.txt",
			);
			runOnlyForDeploymentPostprocessing = 0;
			shellPath = /bin/sh;
			shellScript = "diff \"${PODS_PODFILE_DIR_PATH}/Podfile.lock\" \"${PODS_ROOT}/Manifest.lock\" > /dev/null\nif [ $? != 0 ] ; then\n    # print error to STDERR\n    echo \"error: The sandbox is not in sync with the Podfile.lock. Run 'pod install' or update your CocoaPods installation.\" >&2\n    exit 1\nfi\n# This output is used by Xcode 'outputs' to avoid re-running this script phase.\necho \"SUCCESS\" > \"${SCRIPT_OUTPUT_FILE_0}\"\n";
			showEnvVarsInLog = 0;
		};
		94467A2C1A567940B654FC76 /* [CP] Embed Pods Frameworks */ = {
			isa = PBXShellScriptBuildPhase;
			buildActionMask = 2147483647;
			files = (
			);
			inputFileListPaths = (
				"${PODS_ROOT}/Target Support Files/Pods-QrRestaurantMenuApp/Pods-QrRestaurantMenuApp-frameworks-${CONFIGURATION}-input-files.xcfilelist",
			);
			name = "[CP] Embed Pods Frameworks";
			outputFileListPaths = (
				"${PODS_ROOT}/Target Support Files/Pods-QrRestaurantMenuApp/Pods-QrRestaurantMenuApp-frameworks-${CONFIGURATION}-output-files.xcfilelist",
			);
			runOnlyForDeploymentPostprocessing = 0;
			shellPath = /bin/sh;
			shellScript = "\"${PODS_ROOT}/Target Support Files/Pods-QrRestaurantMenuApp/Pods-QrRestaurantMenuApp-frameworks.sh\"\n";
			showEnvVarsInLog = 0;
		};
		C8779FD56808A038BE3B447C /* [CP] Embed Pods Frameworks */ = {
			isa = PBXShellScriptBuildPhase;
			buildActionMask = 2147483647;
			files = (
			);
			inputFileListPaths = (
				"${PODS_ROOT}/Target Support Files/Pods-QrRestaurantMenuApp-QrRestaurantMenuAppUITests/Pods-QrRestaurantMenuApp-QrRestaurantMenuAppUITests-frameworks-${CONFIGURATION}-input-files.xcfilelist",
			);
			name = "[CP] Embed Pods Frameworks";
			outputFileListPaths = (
				"${PODS_ROOT}/Target Support Files/Pods-QrRestaurantMenuApp-QrRestaurantMenuAppUITests/Pods-QrRestaurantMenuApp-QrRestaurantMenuAppUITests-frameworks-${CONFIGURATION}-output-files.xcfilelist",
			);
			runOnlyForDeploymentPostprocessing = 0;
			shellPath = /bin/sh;
			shellScript = "\"${PODS_ROOT}/Target Support Files/Pods-QrRestaurantMenuApp-QrRestaurantMenuAppUITests/Pods-QrRestaurantMenuApp-QrRestaurantMenuAppUITests-frameworks.sh\"\n";
			showEnvVarsInLog = 0;
		};
		DCD789F338F15BEE69D8FFFE /* [CP] Check Pods Manifest.lock */ = {
			isa = PBXShellScriptBuildPhase;
			buildActionMask = 2147483647;
			files = (
			);
			inputFileListPaths = (
			);
			inputPaths = (
				"${PODS_PODFILE_DIR_PATH}/Podfile.lock",
				"${PODS_ROOT}/Manifest.lock",
			);
			name = "[CP] Check Pods Manifest.lock";
			outputFileListPaths = (
			);
			outputPaths = (
				"$(DERIVED_FILE_DIR)/Pods-QrRestaurantMenuApp-QrRestaurantMenuAppUITests-checkManifestLockResult.txt",
			);
			runOnlyForDeploymentPostprocessing = 0;
			shellPath = /bin/sh;
			shellScript = "diff \"${PODS_PODFILE_DIR_PATH}/Podfile.lock\" \"${PODS_ROOT}/Manifest.lock\" > /dev/null\nif [ $? != 0 ] ; then\n    # print error to STDERR\n    echo \"error: The sandbox is not in sync with the Podfile.lock. Run 'pod install' or update your CocoaPods installation.\" >&2\n    exit 1\nfi\n# This output is used by Xcode 'outputs' to avoid re-running this script phase.\necho \"SUCCESS\" > \"${SCRIPT_OUTPUT_FILE_0}\"\n";
			showEnvVarsInLog = 0;
		};
/* End PBXShellScriptBuildPhase section */

/* Begin PBXSourcesBuildPhase section */
		47A02DF72670A3D100DFA715 /* Sources */ = {
			isa = PBXSourcesBuildPhase;
			buildActionMask = 2147483647;
			files = (
				47324CAE2696E2B0003F4075 /* TestViewController.swift in Sources */,
				47A02E4C2670A87C00DFA715 /* MainTabBar.swift in Sources */,
				47A02E482670A87C00DFA715 /* CategoryCollectionViewCell.swift in Sources */,
				B60282E8267CB8F8005CE565 /* ChechButton.swift in Sources */,
				471317152684CE8100570D74 /* OrderListViewController.swift in Sources */,
				B602826B267B34F9005CE565 /* SelectCardViewController.swift in Sources */,
				477377D22672992000C9F2B2 /* RestaurantsTableViewCell.swift in Sources */,
				47A02E4D2670A87C00DFA715 /* BasketViewController.swift in Sources */,
				47A02E382670A86800DFA715 /* Restaurant.swift in Sources */,
				47A02E4F2670A87C00DFA715 /* QRScannerViewController.swift in Sources */,
				4776E6C426776FB900688792 /* AddCardViewController.swift in Sources */,
				47336E0626866FAE00445880 /* TabBarTitleView.swift in Sources */,
				B60282CF267C8279005CE565 /* OrderSuccessfulTableViewHeader.swift in Sources */,
				B60282D9267CA5AC005CE565 /* RestaurantInfoTableViewCell.swift in Sources */,
				B602828B267B831D005CE565 /* SelectedFooter.swift in Sources */,
				473EB47626733FAD0083068F /* CardCellTableViewCell.swift in Sources */,
				477377CC2672507300C9F2B2 /* QRFirebaseDatabase.swift in Sources */,
				B60282C0267C8241005CE565 /* OrderSuccessfulTableViewCell.swift in Sources */,
				477377CE26725A2400C9F2B2 /* CardViewController.swift in Sources */,
				4776E6C82677733800688792 /* ExtensionUI.swift in Sources */,
				47A02E462670A87C00DFA715 /* MenuViewController.swift in Sources */,
				47336E272687BF3F00445880 /* CommentViewController.swift in Sources */,
				477377C426710F6200C9F2B2 /* BasketTableViewCell.swift in Sources */,
				4776E6BC26773C9900688792 /* RestaurantsViewController.swift in Sources */,
				47324CB22696FAE5003F4075 /* TabBar.swift in Sources */,
				B62BB2BC267F41B9003C3C8B /* OrderCell.swift in Sources */,
				47A02E392670A86800DFA715 /* Category.swift in Sources */,
				471317112684CE6D00570D74 /* OrderTableViewCell.swift in Sources */,
				B60282D4267C8280005CE565 /* OrderSuccessfulViewController.swift in Sources */,
				47A02E512670A87C00DFA715 /* SectionView.swift in Sources */,
				4776E6C0267753AB00688792 /* RestoranInfoViewController.swift in Sources */,
				94AB51BF268DDB1B0003F1A2 /* PhoneVerificationViewController.swift in Sources */,
				473BE6EF268BABCE00363B29 /* EditProfileViewController.swift in Sources */,
				47A02E492670A87C00DFA715 /* MenuTableViewCell.swift in Sources */,
				47324CBC269782B7003F4075 /* OrderFailedViewController.swift in Sources */,
				B62BB2C1267F5F4A003C3C8B /* OrderFooter.swift in Sources */,
				4776E6C62677731600688792 /* ExtensionForCard.swift in Sources */,
				B60282CA267C825B005CE565 /* OrderSuccessfulTableViewFooter.swift in Sources */,
				477377D026725B3100C9F2B2 /* FooterView.swift in Sources */,
				47A02E372670A86800DFA715 /* MenuItem.swift in Sources */,
				477377C6267214E300C9F2B2 /* User.swift in Sources */,
				47A02DFF2670A3D100DFA715 /* AppDelegate.swift in Sources */,
				47A02E012670A3D100DFA715 /* SceneDelegate.swift in Sources */,
				B6028290267B84E7005CE565 /* SelectedCardCell.swift in Sources */,
				B62BB2B7267F3F60003C3C8B /* OrdersHistoryViewController.swift in Sources */,
				4776E6C22677562F00688792 /* RestScrollViewController.swift in Sources */,
				473BE6ED268B8DB300363B29 /* UserProfileViewController.swift in Sources */,
				47324CB42696FB48003F4075 /* EmptyViewController.swift in Sources */,
				94AB51B6268DDA640003F1A2 /* SnackbarViewController.swift in Sources */,
			);
			runOnlyForDeploymentPostprocessing = 0;
		};
		47A02E0D2670A3D200DFA715 /* Sources */ = {
			isa = PBXSourcesBuildPhase;
			buildActionMask = 2147483647;
			files = (
				47A02E162670A3D200DFA715 /* QrRestaurantMenuAppTests.swift in Sources */,
			);
			runOnlyForDeploymentPostprocessing = 0;
		};
		47A02E182670A3D200DFA715 /* Sources */ = {
			isa = PBXSourcesBuildPhase;
			buildActionMask = 2147483647;
			files = (
				47A02E212670A3D200DFA715 /* QrRestaurantMenuAppUITests.swift in Sources */,
			);
			runOnlyForDeploymentPostprocessing = 0;
		};
/* End PBXSourcesBuildPhase section */

/* Begin PBXTargetDependency section */
		47A02E132670A3D200DFA715 /* PBXTargetDependency */ = {
			isa = PBXTargetDependency;
			target = 47A02DFA2670A3D100DFA715 /* QrRestaurantMenuApp */;
			targetProxy = 47A02E122670A3D200DFA715 /* PBXContainerItemProxy */;
		};
		47A02E1E2670A3D200DFA715 /* PBXTargetDependency */ = {
			isa = PBXTargetDependency;
			target = 47A02DFA2670A3D100DFA715 /* QrRestaurantMenuApp */;
			targetProxy = 47A02E1D2670A3D200DFA715 /* PBXContainerItemProxy */;
		};
/* End PBXTargetDependency section */

/* Begin PBXVariantGroup section */
		47A02E042670A3D100DFA715 /* Main.storyboard */ = {
			isa = PBXVariantGroup;
			children = (
				47A02E052670A3D100DFA715 /* Base */,
			);
			name = Main.storyboard;
			sourceTree = "<group>";
		};
		47A02E092670A3D200DFA715 /* LaunchScreen.storyboard */ = {
			isa = PBXVariantGroup;
			children = (
				47A02E0A2670A3D200DFA715 /* Base */,
			);
			name = LaunchScreen.storyboard;
			sourceTree = "<group>";
		};
/* End PBXVariantGroup section */

/* Begin XCBuildConfiguration section */
		47A02E232670A3D200DFA715 /* Debug */ = {
			isa = XCBuildConfiguration;
			buildSettings = {
				ALWAYS_SEARCH_USER_PATHS = NO;
				CLANG_ANALYZER_NONNULL = YES;
				CLANG_ANALYZER_NUMBER_OBJECT_CONVERSION = YES_AGGRESSIVE;
				CLANG_CXX_LANGUAGE_STANDARD = "gnu++14";
				CLANG_CXX_LIBRARY = "libc++";
				CLANG_ENABLE_MODULES = YES;
				CLANG_ENABLE_OBJC_ARC = YES;
				CLANG_ENABLE_OBJC_WEAK = YES;
				CLANG_WARN_BLOCK_CAPTURE_AUTORELEASING = YES;
				CLANG_WARN_BOOL_CONVERSION = YES;
				CLANG_WARN_COMMA = YES;
				CLANG_WARN_CONSTANT_CONVERSION = YES;
				CLANG_WARN_DEPRECATED_OBJC_IMPLEMENTATIONS = YES;
				CLANG_WARN_DIRECT_OBJC_ISA_USAGE = YES_ERROR;
				CLANG_WARN_DOCUMENTATION_COMMENTS = YES;
				CLANG_WARN_EMPTY_BODY = YES;
				CLANG_WARN_ENUM_CONVERSION = YES;
				CLANG_WARN_INFINITE_RECURSION = YES;
				CLANG_WARN_INT_CONVERSION = YES;
				CLANG_WARN_NON_LITERAL_NULL_CONVERSION = YES;
				CLANG_WARN_OBJC_IMPLICIT_RETAIN_SELF = YES;
				CLANG_WARN_OBJC_LITERAL_CONVERSION = YES;
				CLANG_WARN_OBJC_ROOT_CLASS = YES_ERROR;
				CLANG_WARN_QUOTED_INCLUDE_IN_FRAMEWORK_HEADER = YES;
				CLANG_WARN_RANGE_LOOP_ANALYSIS = YES;
				CLANG_WARN_STRICT_PROTOTYPES = YES;
				CLANG_WARN_SUSPICIOUS_MOVE = YES;
				CLANG_WARN_UNGUARDED_AVAILABILITY = YES_AGGRESSIVE;
				CLANG_WARN_UNREACHABLE_CODE = YES;
				CLANG_WARN__DUPLICATE_METHOD_MATCH = YES;
				COPY_PHASE_STRIP = NO;
				DEBUG_INFORMATION_FORMAT = dwarf;
				ENABLE_STRICT_OBJC_MSGSEND = YES;
				ENABLE_TESTABILITY = YES;
				GCC_C_LANGUAGE_STANDARD = gnu11;
				GCC_DYNAMIC_NO_PIC = NO;
				GCC_NO_COMMON_BLOCKS = YES;
				GCC_OPTIMIZATION_LEVEL = 0;
				GCC_PREPROCESSOR_DEFINITIONS = (
					"DEBUG=1",
					"$(inherited)",
				);
				GCC_WARN_64_TO_32_BIT_CONVERSION = YES;
				GCC_WARN_ABOUT_RETURN_TYPE = YES_ERROR;
				GCC_WARN_UNDECLARED_SELECTOR = YES;
				GCC_WARN_UNINITIALIZED_AUTOS = YES_AGGRESSIVE;
				GCC_WARN_UNUSED_FUNCTION = YES;
				GCC_WARN_UNUSED_VARIABLE = YES;
				IPHONEOS_DEPLOYMENT_TARGET = 14.1;
				MTL_ENABLE_DEBUG_INFO = INCLUDE_SOURCE;
				MTL_FAST_MATH = YES;
				ONLY_ACTIVE_ARCH = YES;
				SDKROOT = iphoneos;
				SWIFT_ACTIVE_COMPILATION_CONDITIONS = DEBUG;
				SWIFT_OPTIMIZATION_LEVEL = "-Onone";
			};
			name = Debug;
		};
		47A02E242670A3D200DFA715 /* Release */ = {
			isa = XCBuildConfiguration;
			buildSettings = {
				ALWAYS_SEARCH_USER_PATHS = NO;
				CLANG_ANALYZER_NONNULL = YES;
				CLANG_ANALYZER_NUMBER_OBJECT_CONVERSION = YES_AGGRESSIVE;
				CLANG_CXX_LANGUAGE_STANDARD = "gnu++14";
				CLANG_CXX_LIBRARY = "libc++";
				CLANG_ENABLE_MODULES = YES;
				CLANG_ENABLE_OBJC_ARC = YES;
				CLANG_ENABLE_OBJC_WEAK = YES;
				CLANG_WARN_BLOCK_CAPTURE_AUTORELEASING = YES;
				CLANG_WARN_BOOL_CONVERSION = YES;
				CLANG_WARN_COMMA = YES;
				CLANG_WARN_CONSTANT_CONVERSION = YES;
				CLANG_WARN_DEPRECATED_OBJC_IMPLEMENTATIONS = YES;
				CLANG_WARN_DIRECT_OBJC_ISA_USAGE = YES_ERROR;
				CLANG_WARN_DOCUMENTATION_COMMENTS = YES;
				CLANG_WARN_EMPTY_BODY = YES;
				CLANG_WARN_ENUM_CONVERSION = YES;
				CLANG_WARN_INFINITE_RECURSION = YES;
				CLANG_WARN_INT_CONVERSION = YES;
				CLANG_WARN_NON_LITERAL_NULL_CONVERSION = YES;
				CLANG_WARN_OBJC_IMPLICIT_RETAIN_SELF = YES;
				CLANG_WARN_OBJC_LITERAL_CONVERSION = YES;
				CLANG_WARN_OBJC_ROOT_CLASS = YES_ERROR;
				CLANG_WARN_QUOTED_INCLUDE_IN_FRAMEWORK_HEADER = YES;
				CLANG_WARN_RANGE_LOOP_ANALYSIS = YES;
				CLANG_WARN_STRICT_PROTOTYPES = YES;
				CLANG_WARN_SUSPICIOUS_MOVE = YES;
				CLANG_WARN_UNGUARDED_AVAILABILITY = YES_AGGRESSIVE;
				CLANG_WARN_UNREACHABLE_CODE = YES;
				CLANG_WARN__DUPLICATE_METHOD_MATCH = YES;
				COPY_PHASE_STRIP = NO;
				DEBUG_INFORMATION_FORMAT = "dwarf-with-dsym";
				ENABLE_NS_ASSERTIONS = NO;
				ENABLE_STRICT_OBJC_MSGSEND = YES;
				GCC_C_LANGUAGE_STANDARD = gnu11;
				GCC_NO_COMMON_BLOCKS = YES;
				GCC_WARN_64_TO_32_BIT_CONVERSION = YES;
				GCC_WARN_ABOUT_RETURN_TYPE = YES_ERROR;
				GCC_WARN_UNDECLARED_SELECTOR = YES;
				GCC_WARN_UNINITIALIZED_AUTOS = YES_AGGRESSIVE;
				GCC_WARN_UNUSED_FUNCTION = YES;
				GCC_WARN_UNUSED_VARIABLE = YES;
				IPHONEOS_DEPLOYMENT_TARGET = 14.1;
				MTL_ENABLE_DEBUG_INFO = NO;
				MTL_FAST_MATH = YES;
				SDKROOT = iphoneos;
				SWIFT_COMPILATION_MODE = wholemodule;
				SWIFT_OPTIMIZATION_LEVEL = "-O";
				VALIDATE_PRODUCT = YES;
			};
			name = Release;
		};
		47A02E262670A3D200DFA715 /* Debug */ = {
			isa = XCBuildConfiguration;
			baseConfigurationReference = D996EF3AE53CFE0BD276BBFA /* Pods-QrRestaurantMenuApp.debug.xcconfig */;
			buildSettings = {
				ASSETCATALOG_COMPILER_APPICON_NAME = AppIcon;
				ASSETCATALOG_COMPILER_GLOBAL_ACCENT_COLOR_NAME = AccentColor;
				CODE_SIGN_STYLE = Automatic;
				DEVELOPMENT_TEAM = 349CP2QXD4;
				INFOPLIST_FILE = QrRestaurantMenuApp/Info.plist;
				IPHONEOS_DEPLOYMENT_TARGET = 14.1;
				LD_RUNPATH_SEARCH_PATHS = (
					"$(inherited)",
					"@executable_path/Frameworks",
				);
				PRODUCT_BUNDLE_IDENTIFIER = co.tima.QrRestaurantMenuApp;
				PRODUCT_NAME = "$(TARGET_NAME)";
				SWIFT_VERSION = 5.0;
				TARGETED_DEVICE_FAMILY = "1,2";
			};
			name = Debug;
		};
		47A02E272670A3D200DFA715 /* Release */ = {
			isa = XCBuildConfiguration;
			baseConfigurationReference = CC895F76BC5222FC21DCE62A /* Pods-QrRestaurantMenuApp.release.xcconfig */;
			buildSettings = {
				ASSETCATALOG_COMPILER_APPICON_NAME = AppIcon;
				ASSETCATALOG_COMPILER_GLOBAL_ACCENT_COLOR_NAME = AccentColor;
				CODE_SIGN_STYLE = Automatic;
				DEVELOPMENT_TEAM = 349CP2QXD4;
				INFOPLIST_FILE = QrRestaurantMenuApp/Info.plist;
				IPHONEOS_DEPLOYMENT_TARGET = 14.1;
				LD_RUNPATH_SEARCH_PATHS = (
					"$(inherited)",
					"@executable_path/Frameworks",
				);
				PRODUCT_BUNDLE_IDENTIFIER = co.tima.QrRestaurantMenuApp;
				PRODUCT_NAME = "$(TARGET_NAME)";
				SWIFT_VERSION = 5.0;
				TARGETED_DEVICE_FAMILY = "1,2";
			};
			name = Release;
		};
		47A02E292670A3D200DFA715 /* Debug */ = {
			isa = XCBuildConfiguration;
			baseConfigurationReference = 0320077A86B24579890FE659 /* Pods-QrRestaurantMenuAppTests.debug.xcconfig */;
			buildSettings = {
				ALWAYS_EMBED_SWIFT_STANDARD_LIBRARIES = YES;
				BUNDLE_LOADER = "$(TEST_HOST)";
				CODE_SIGN_STYLE = Automatic;
				DEVELOPMENT_TEAM = X4R48ZRHCN;
				INFOPLIST_FILE = QrRestaurantMenuAppTests/Info.plist;
				IPHONEOS_DEPLOYMENT_TARGET = 14.1;
				LD_RUNPATH_SEARCH_PATHS = (
					"$(inherited)",
					"@executable_path/Frameworks",
					"@loader_path/Frameworks",
				);
				PRODUCT_BUNDLE_IDENTIFIER = co.tima.QrRestaurantMenuAppTests;
				PRODUCT_NAME = "$(TARGET_NAME)";
				SWIFT_VERSION = 5.0;
				TARGETED_DEVICE_FAMILY = "1,2";
				TEST_HOST = "$(BUILT_PRODUCTS_DIR)/QrRestaurantMenuApp.app/QrRestaurantMenuApp";
			};
			name = Debug;
		};
		47A02E2A2670A3D200DFA715 /* Release */ = {
			isa = XCBuildConfiguration;
			baseConfigurationReference = CA5BDC0A6AD12A4D59A76AF0 /* Pods-QrRestaurantMenuAppTests.release.xcconfig */;
			buildSettings = {
				ALWAYS_EMBED_SWIFT_STANDARD_LIBRARIES = YES;
				BUNDLE_LOADER = "$(TEST_HOST)";
				CODE_SIGN_STYLE = Automatic;
				DEVELOPMENT_TEAM = X4R48ZRHCN;
				INFOPLIST_FILE = QrRestaurantMenuAppTests/Info.plist;
				IPHONEOS_DEPLOYMENT_TARGET = 14.1;
				LD_RUNPATH_SEARCH_PATHS = (
					"$(inherited)",
					"@executable_path/Frameworks",
					"@loader_path/Frameworks",
				);
				PRODUCT_BUNDLE_IDENTIFIER = co.tima.QrRestaurantMenuAppTests;
				PRODUCT_NAME = "$(TARGET_NAME)";
				SWIFT_VERSION = 5.0;
				TARGETED_DEVICE_FAMILY = "1,2";
				TEST_HOST = "$(BUILT_PRODUCTS_DIR)/QrRestaurantMenuApp.app/QrRestaurantMenuApp";
			};
			name = Release;
		};
		47A02E2C2670A3D200DFA715 /* Debug */ = {
			isa = XCBuildConfiguration;
			baseConfigurationReference = D21A5E41E325A55ED246635E /* Pods-QrRestaurantMenuApp-QrRestaurantMenuAppUITests.debug.xcconfig */;
			buildSettings = {
				ALWAYS_EMBED_SWIFT_STANDARD_LIBRARIES = YES;
				"CODE_SIGN_IDENTITY[sdk=macosx*]" = "Apple Development";
				CODE_SIGN_STYLE = Automatic;
				DEVELOPMENT_TEAM = X4R48ZRHCN;
				INFOPLIST_FILE = QrRestaurantMenuAppUITests/Info.plist;
				IPHONEOS_DEPLOYMENT_TARGET = 14.1;
				LD_RUNPATH_SEARCH_PATHS = (
					"$(inherited)",
					"@executable_path/Frameworks",
					"@loader_path/Frameworks",
				);
				PRODUCT_BUNDLE_IDENTIFIER = co.tima.QrRestaurantMenuAppUITests;
				PRODUCT_NAME = "$(TARGET_NAME)";
				PROVISIONING_PROFILE = "";
				SWIFT_VERSION = 5.0;
				TARGETED_DEVICE_FAMILY = "1,2";
				TEST_TARGET_NAME = QrRestaurantMenuApp;
			};
			name = Debug;
		};
		47A02E2D2670A3D200DFA715 /* Release */ = {
			isa = XCBuildConfiguration;
			baseConfigurationReference = A19D50A3F2EB5E11163C452B /* Pods-QrRestaurantMenuApp-QrRestaurantMenuAppUITests.release.xcconfig */;
			buildSettings = {
				ALWAYS_EMBED_SWIFT_STANDARD_LIBRARIES = YES;
				"CODE_SIGN_IDENTITY[sdk=macosx*]" = "Apple Development";
				CODE_SIGN_STYLE = Automatic;
				DEVELOPMENT_TEAM = X4R48ZRHCN;
				INFOPLIST_FILE = QrRestaurantMenuAppUITests/Info.plist;
				IPHONEOS_DEPLOYMENT_TARGET = 14.1;
				LD_RUNPATH_SEARCH_PATHS = (
					"$(inherited)",
					"@executable_path/Frameworks",
					"@loader_path/Frameworks",
				);
				PRODUCT_BUNDLE_IDENTIFIER = co.tima.QrRestaurantMenuAppUITests;
				PRODUCT_NAME = "$(TARGET_NAME)";
				PROVISIONING_PROFILE = "";
				SWIFT_VERSION = 5.0;
				TARGETED_DEVICE_FAMILY = "1,2";
				TEST_TARGET_NAME = QrRestaurantMenuApp;
			};
			name = Release;
		};
/* End XCBuildConfiguration section */

/* Begin XCConfigurationList section */
		47A02DF62670A3D100DFA715 /* Build configuration list for PBXProject "QrRestaurantMenuApp" */ = {
			isa = XCConfigurationList;
			buildConfigurations = (
				47A02E232670A3D200DFA715 /* Debug */,
				47A02E242670A3D200DFA715 /* Release */,
			);
			defaultConfigurationIsVisible = 0;
			defaultConfigurationName = Release;
		};
		47A02E252670A3D200DFA715 /* Build configuration list for PBXNativeTarget "QrRestaurantMenuApp" */ = {
			isa = XCConfigurationList;
			buildConfigurations = (
				47A02E262670A3D200DFA715 /* Debug */,
				47A02E272670A3D200DFA715 /* Release */,
			);
			defaultConfigurationIsVisible = 0;
			defaultConfigurationName = Release;
		};
		47A02E282670A3D200DFA715 /* Build configuration list for PBXNativeTarget "QrRestaurantMenuAppTests" */ = {
			isa = XCConfigurationList;
			buildConfigurations = (
				47A02E292670A3D200DFA715 /* Debug */,
				47A02E2A2670A3D200DFA715 /* Release */,
			);
			defaultConfigurationIsVisible = 0;
			defaultConfigurationName = Release;
		};
		47A02E2B2670A3D200DFA715 /* Build configuration list for PBXNativeTarget "QrRestaurantMenuAppUITests" */ = {
			isa = XCConfigurationList;
			buildConfigurations = (
				47A02E2C2670A3D200DFA715 /* Debug */,
				47A02E2D2670A3D200DFA715 /* Release */,
			);
			defaultConfigurationIsVisible = 0;
			defaultConfigurationName = Release;
		};
/* End XCConfigurationList section */
	};
	rootObject = 47A02DF32670A3D100DFA715 /* Project object */;
}
